// !$*UTF8*$!
{
	archiveVersion = 1;
	classes = {
	};
	objectVersion = 46;
	objects = {

/* Begin PBXBuildFile section */
		2735DFC91EBB338000F44A94 /* AppDelegate.swift in Sources */ = {isa = PBXBuildFile; fileRef = 2735DFC81EBB338000F44A94 /* AppDelegate.swift */; };
		2735DFCB1EBB338000F44A94 /* ViewController.swift in Sources */ = {isa = PBXBuildFile; fileRef = 2735DFCA1EBB338000F44A94 /* ViewController.swift */; };
		2735DFCE1EBB338000F44A94 /* Main.storyboard in Resources */ = {isa = PBXBuildFile; fileRef = 2735DFCC1EBB338000F44A94 /* Main.storyboard */; };
		2735DFD01EBB338000F44A94 /* Assets.xcassets in Resources */ = {isa = PBXBuildFile; fileRef = 2735DFCF1EBB338000F44A94 /* Assets.xcassets */; };
		2735DFD31EBB338000F44A94 /* LaunchScreen.storyboard in Resources */ = {isa = PBXBuildFile; fileRef = 2735DFD11EBB338000F44A94 /* LaunchScreen.storyboard */; };
		2735DFDE1EBB338000F44A94 /* DismissKeyboardTests.swift in Sources */ = {isa = PBXBuildFile; fileRef = 2735DFDD1EBB338000F44A94 /* DismissKeyboardTests.swift */; };
		2735DFE91EBB338000F44A94 /* DismissKeyboardUITests.swift in Sources */ = {isa = PBXBuildFile; fileRef = 2735DFE81EBB338000F44A94 /* DismissKeyboardUITests.swift */; };
/* End PBXBuildFile section */

/* Begin PBXContainerItemProxy section */
		2735DFDA1EBB338000F44A94 /* PBXContainerItemProxy */ = {
			isa = PBXContainerItemProxy;
			containerPortal = 2735DFBD1EBB338000F44A94 /* Project object */;
			proxyType = 1;
			remoteGlobalIDString = 2735DFC41EBB338000F44A94;
			remoteInfo = DismissKeyboard;
		};
		2735DFE51EBB338000F44A94 /* PBXContainerItemProxy */ = {
			isa = PBXContainerItemProxy;
			containerPortal = 2735DFBD1EBB338000F44A94 /* Project object */;
			proxyType = 1;
			remoteGlobalIDString = 2735DFC41EBB338000F44A94;
			remoteInfo = DismissKeyboard;
		};
/* End PBXContainerItemProxy section */

/* Begin PBXFileReference section */
		2735DFC51EBB338000F44A94 /* DismissKeyboard.app */ = {isa = PBXFileReference; explicitFileType = wrapper.application; includeInIndex = 0; path = DismissKeyboard.app; sourceTree = BUILT_PRODUCTS_DIR; };
		2735DFC81EBB338000F44A94 /* AppDelegate.swift */ = {isa = PBXFileReference; lastKnownFileType = sourcecode.swift; path = AppDelegate.swift; sourceTree = "<group>"; };
		2735DFCA1EBB338000F44A94 /* ViewController.swift */ = {isa = PBXFileReference; lastKnownFileType = sourcecode.swift; path = ViewController.swift; sourceTree = "<group>"; };
		2735DFCD1EBB338000F44A94 /* Base */ = {isa = PBXFileReference; lastKnownFileType = file.storyboard; name = Base; path = Base.lproj/Main.storyboard; sourceTree = "<group>"; };
		2735DFCF1EBB338000F44A94 /* Assets.xcassets */ = {isa = PBXFileReference; lastKnownFileType = folder.assetcatalog; path = Assets.xcassets; sourceTree = "<group>"; };
		2735DFD21EBB338000F44A94 /* Base */ = {isa = PBXFileReference; lastKnownFileType = file.storyboard; name = Base; path = Base.lproj/LaunchScreen.storyboard; sourceTree = "<group>"; };
		2735DFD41EBB338000F44A94 /* Info.plist */ = {isa = PBXFileReference; lastKnownFileType = text.plist.xml; path = Info.plist; sourceTree = "<group>"; };
		2735DFD91EBB338000F44A94 /* DismissKeyboardTests.xctest */ = {isa = PBXFileReference; explicitFileType = wrapper.cfbundle; includeInIndex = 0; path = DismissKeyboardTests.xctest; sourceTree = BUILT_PRODUCTS_DIR; };
		2735DFDD1EBB338000F44A94 /* DismissKeyboardTests.swift */ = {isa = PBXFileReference; lastKnownFileType = sourcecode.swift; path = DismissKeyboardTests.swift; sourceTree = "<group>"; };
		2735DFDF1EBB338000F44A94 /* Info.plist */ = {isa = PBXFileReference; lastKnownFileType = text.plist.xml; path = Info.plist; sourceTree = "<group>"; };
		2735DFE41EBB338000F44A94 /* DismissKeyboardUITests.xctest */ = {isa = PBXFileReference; explicitFileType = wrapper.cfbundle; includeInIndex = 0; path = DismissKeyboardUITests.xctest; sourceTree = BUILT_PRODUCTS_DIR; };
		2735DFE81EBB338000F44A94 /* DismissKeyboardUITests.swift */ = {isa = PBXFileReference; lastKnownFileType = sourcecode.swift; path = DismissKeyboardUITests.swift; sourceTree = "<group>"; };
		2735DFEA1EBB338000F44A94 /* Info.plist */ = {isa = PBXFileReference; lastKnownFileType = text.plist.xml; path = Info.plist; sourceTree = "<group>"; };
/* End PBXFileReference section */

/* Begin PBXFrameworksBuildPhase section */
		2735DFC21EBB338000F44A94 /* Frameworks */ = {
			isa = PBXFrameworksBuildPhase;
			buildActionMask = 2147483647;
			files = (
			);
			runOnlyForDeploymentPostprocessing = 0;
		};
		2735DFD61EBB338000F44A94 /* Frameworks */ = {
			isa = PBXFrameworksBuildPhase;
			buildActionMask = 2147483647;
			files = (
			);
			runOnlyForDeploymentPostprocessing = 0;
		};
		2735DFE11EBB338000F44A94 /* Frameworks */ = {
			isa = PBXFrameworksBuildPhase;
			buildActionMask = 2147483647;
			files = (
			);
			runOnlyForDeploymentPostprocessing = 0;
		};
/* End PBXFrameworksBuildPhase section */

/* Begin PBXGroup section */
		2735DFBC1EBB338000F44A94 = {
			isa = PBXGroup;
			children = (
				2735DFC71EBB338000F44A94 /* DismissKeyboard */,
				2735DFDC1EBB338000F44A94 /* DismissKeyboardTests */,
				2735DFE71EBB338000F44A94 /* DismissKeyboardUITests */,
				2735DFC61EBB338000F44A94 /* Products */,
			);
			sourceTree = "<group>";
		};
		2735DFC61EBB338000F44A94 /* Products */ = {
			isa = PBXGroup;
			children = (
				2735DFC51EBB338000F44A94 /* DismissKeyboard.app */,
				2735DFD91EBB338000F44A94 /* DismissKeyboardTests.xctest */,
				2735DFE41EBB338000F44A94 /* DismissKeyboardUITests.xctest */,
			);
			name = Products;
			sourceTree = "<group>";
		};
		2735DFC71EBB338000F44A94 /* DismissKeyboard */ = {
			isa = PBXGroup;
			children = (
				2735DFC81EBB338000F44A94 /* AppDelegate.swift */,
				2735DFCA1EBB338000F44A94 /* ViewController.swift */,
				2735DFCC1EBB338000F44A94 /* Main.storyboard */,
				2735DFCF1EBB338000F44A94 /* Assets.xcassets */,
				2735DFD11EBB338000F44A94 /* LaunchScreen.storyboard */,
				2735DFD41EBB338000F44A94 /* Info.plist */,
			);
			path = DismissKeyboard;
			sourceTree = "<group>";
		};
		2735DFDC1EBB338000F44A94 /* DismissKeyboardTests */ = {
			isa = PBXGroup;
			children = (
				2735DFDD1EBB338000F44A94 /* DismissKeyboardTests.swift */,
				2735DFDF1EBB338000F44A94 /* Info.plist */,
			);
			path = DismissKeyboardTests;
			sourceTree = "<group>";
		};
		2735DFE71EBB338000F44A94 /* DismissKeyboardUITests */ = {
			isa = PBXGroup;
			children = (
				2735DFE81EBB338000F44A94 /* DismissKeyboardUITests.swift */,
				2735DFEA1EBB338000F44A94 /* Info.plist */,
			);
			path = DismissKeyboardUITests;
			sourceTree = "<group>";
		};
/* End PBXGroup section */

/* Begin PBXNativeTarget section */
		2735DFC41EBB338000F44A94 /* DismissKeyboard */ = {
			isa = PBXNativeTarget;
			buildConfigurationList = 2735DFED1EBB338000F44A94 /* Build configuration list for PBXNativeTarget "DismissKeyboard" */;
			buildPhases = (
				2735DFC11EBB338000F44A94 /* Sources */,
				2735DFC21EBB338000F44A94 /* Frameworks */,
				2735DFC31EBB338000F44A94 /* Resources */,
			);
			buildRules = (
			);
			dependencies = (
			);
			name = DismissKeyboard;
			productName = DismissKeyboard;
			productReference = 2735DFC51EBB338000F44A94 /* DismissKeyboard.app */;
			productType = "com.apple.product-type.application";
		};
		2735DFD81EBB338000F44A94 /* DismissKeyboardTests */ = {
			isa = PBXNativeTarget;
			buildConfigurationList = 2735DFF01EBB338000F44A94 /* Build configuration list for PBXNativeTarget "DismissKeyboardTests" */;
			buildPhases = (
				2735DFD51EBB338000F44A94 /* Sources */,
				2735DFD61EBB338000F44A94 /* Frameworks */,
				2735DFD71EBB338000F44A94 /* Resources */,
			);
			buildRules = (
			);
			dependencies = (
				2735DFDB1EBB338000F44A94 /* PBXTargetDependency */,
			);
			name = DismissKeyboardTests;
			productName = DismissKeyboardTests;
			productReference = 2735DFD91EBB338000F44A94 /* DismissKeyboardTests.xctest */;
			productType = "com.apple.product-type.bundle.unit-test";
		};
		2735DFE31EBB338000F44A94 /* DismissKeyboardUITests */ = {
			isa = PBXNativeTarget;
			buildConfigurationList = 2735DFF31EBB338000F44A94 /* Build configuration list for PBXNativeTarget "DismissKeyboardUITests" */;
			buildPhases = (
				2735DFE01EBB338000F44A94 /* Sources */,
				2735DFE11EBB338000F44A94 /* Frameworks */,
				2735DFE21EBB338000F44A94 /* Resources */,
			);
			buildRules = (
			);
			dependencies = (
				2735DFE61EBB338000F44A94 /* PBXTargetDependency */,
			);
			name = DismissKeyboardUITests;
			productName = DismissKeyboardUITests;
			productReference = 2735DFE41EBB338000F44A94 /* DismissKeyboardUITests.xctest */;
			productType = "com.apple.product-type.bundle.ui-testing";
		};
/* End PBXNativeTarget section */

/* Begin PBXProject section */
		2735DFBD1EBB338000F44A94 /* Project object */ = {
			isa = PBXProject;
			attributes = {
				LastSwiftUpdateCheck = 0830;
				LastUpgradeCheck = 0830;
				ORGANIZATIONNAME = "Thiện Huỳnh";
				TargetAttributes = {
					2735DFC41EBB338000F44A94 = {
						CreatedOnToolsVersion = 8.3.1;
						ProvisioningStyle = Automatic;
					};
					2735DFD81EBB338000F44A94 = {
						CreatedOnToolsVersion = 8.3.1;
						ProvisioningStyle = Automatic;
						TestTargetID = 2735DFC41EBB338000F44A94;
					};
					2735DFE31EBB338000F44A94 = {
						CreatedOnToolsVersion = 8.3.1;
						ProvisioningStyle = Automatic;
						TestTargetID = 2735DFC41EBB338000F44A94;
					};
				};
			};
			buildConfigurationList = 2735DFC01EBB338000F44A94 /* Build configuration list for PBXProject "DismissKeyboard" */;
			compatibilityVersion = "Xcode 3.2";
			developmentRegion = English;
			hasScannedForEncodings = 0;
			knownRegions = (
				en,
				Base,
			);
			mainGroup = 2735DFBC1EBB338000F44A94;
			productRefGroup = 2735DFC61EBB338000F44A94 /* Products */;
			projectDirPath = "";
			projectRoot = "";
			targets = (
				2735DFC41EBB338000F44A94 /* DismissKeyboard */,
				2735DFD81EBB338000F44A94 /* DismissKeyboardTests */,
				2735DFE31EBB338000F44A94 /* DismissKeyboardUITests */,
			);
		};
/* End PBXProject section */

/* Begin PBXResourcesBuildPhase section */
		2735DFC31EBB338000F44A94 /* Resources */ = {
			isa = PBXResourcesBuildPhase;
			buildActionMask = 2147483647;
			files = (
				2735DFD31EBB338000F44A94 /* LaunchScreen.storyboard in Resources */,
				2735DFD01EBB338000F44A94 /* Assets.xcassets in Resources */,
				2735DFCE1EBB338000F44A94 /* Main.storyboard in Resources */,
			);
			runOnlyForDeploymentPostprocessing = 0;
		};
		2735DFD71EBB338000F44A94 /* Resources */ = {
			isa = PBXResourcesBuildPhase;
			buildActionMask = 2147483647;
			files = (
			);
			runOnlyForDeploymentPostprocessing = 0;
		};
		2735DFE21EBB338000F44A94 /* Resources */ = {
			isa = PBXResourcesBuildPhase;
			buildActionMask = 2147483647;
			files = (
			);
			runOnlyForDeploymentPostprocessing = 0;
		};
/* End PBXResourcesBuildPhase section */

/* Begin PBXSourcesBuildPhase section */
		2735DFC11EBB338000F44A94 /* Sources */ = {
			isa = PBXSourcesBuildPhase;
			buildActionMask = 2147483647;
			files = (
				2735DFCB1EBB338000F44A94 /* ViewController.swift in Sources */,
				2735DFC91EBB338000F44A94 /* AppDelegate.swift in Sources */,
			);
			runOnlyForDeploymentPostprocessing = 0;
		};
		2735DFD51EBB338000F44A94 /* Sources */ = {
			isa = PBXSourcesBuildPhase;
			buildActionMask = 2147483647;
			files = (
				2735DFDE1EBB338000F44A94 /* DismissKeyboardTests.swift in Sources */,
			);
			runOnlyForDeploymentPostprocessing = 0;
		};
		2735DFE01EBB338000F44A94 /* Sources */ = {
			isa = PBXSourcesBuildPhase;
			buildActionMask = 2147483647;
			files = (
				2735DFE91EBB338000F44A94 /* DismissKeyboardUITests.swift in Sources */,
			);
			runOnlyForDeploymentPostprocessing = 0;
		};
/* End PBXSourcesBuildPhase section */

/* Begin PBXTargetDependency section */
		2735DFDB1EBB338000F44A94 /* PBXTargetDependency */ = {
			isa = PBXTargetDependency;
			target = 2735DFC41EBB338000F44A94 /* DismissKeyboard */;
			targetProxy = 2735DFDA1EBB338000F44A94 /* PBXContainerItemProxy */;
		};
		2735DFE61EBB338000F44A94 /* PBXTargetDependency */ = {
			isa = PBXTargetDependency;
			target = 2735DFC41EBB338000F44A94 /* DismissKeyboard */;
			targetProxy = 2735DFE51EBB338000F44A94 /* PBXContainerItemProxy */;
		};
/* End PBXTargetDependency section */

/* Begin PBXVariantGroup section */
		2735DFCC1EBB338000F44A94 /* Main.storyboard */ = {
			isa = PBXVariantGroup;
			children = (
				2735DFCD1EBB338000F44A94 /* Base */,
			);
			name = Main.storyboard;
			sourceTree = "<group>";
		};
		2735DFD11EBB338000F44A94 /* LaunchScreen.storyboard */ = {
			isa = PBXVariantGroup;
			children = (
				2735DFD21EBB338000F44A94 /* Base */,
			);
			name = LaunchScreen.storyboard;
			sourceTree = "<group>";
		};
/* End PBXVariantGroup section */

/* Begin XCBuildConfiguration section */
		2735DFEB1EBB338000F44A94 /* Debug */ = {
			isa = XCBuildConfiguration;
			buildSettings = {
				ALWAYS_SEARCH_USER_PATHS = NO;
				CLANG_ANALYZER_NONNULL = YES;
				CLANG_ANALYZER_NUMBER_OBJECT_CONVERSION = YES_AGGRESSIVE;
				CLANG_CXX_LANGUAGE_STANDARD = "gnu++0x";
				CLANG_CXX_LIBRARY = "libc++";
				CLANG_ENABLE_MODULES = YES;
				CLANG_ENABLE_OBJC_ARC = YES;
				CLANG_WARN_BOOL_CONVERSION = YES;
				CLANG_WARN_CONSTANT_CONVERSION = YES;
				CLANG_WARN_DIRECT_OBJC_ISA_USAGE = YES_ERROR;
				CLANG_WARN_DOCUMENTATION_COMMENTS = YES;
				CLANG_WARN_EMPTY_BODY = YES;
				CLANG_WARN_ENUM_CONVERSION = YES;
				CLANG_WARN_INFINITE_RECURSION = YES;
				CLANG_WARN_INT_CONVERSION = YES;
				CLANG_WARN_OBJC_ROOT_CLASS = YES_ERROR;
				CLANG_WARN_SUSPICIOUS_MOVE = YES;
				CLANG_WARN_UNREACHABLE_CODE = YES;
				CLANG_WARN__DUPLICATE_METHOD_MATCH = YES;
				"CODE_SIGN_IDENTITY[sdk=iphoneos*]" = "iPhone Developer";
				COPY_PHASE_STRIP = NO;
				DEBUG_INFORMATION_FORMAT = dwarf;
				ENABLE_STRICT_OBJC_MSGSEND = YES;
				ENABLE_TESTABILITY = YES;
				GCC_C_LANGUAGE_STANDARD = gnu99;
				GCC_DYNAMIC_NO_PIC = NO;
				GCC_NO_COMMON_BLOCKS = YES;
				GCC_OPTIMIZATION_LEVEL = 0;
				GCC_PREPROCESSOR_DEFINITIONS = (
					"DEBUG=1",
					"$(inherited)",
				);
				GCC_WARN_64_TO_32_BIT_CONVERSION = YES;
				GCC_WARN_ABOUT_RETURN_TYPE = YES_ERROR;
				GCC_WARN_UNDECLARED_SELECTOR = YES;
				GCC_WARN_UNINITIALIZED_AUTOS = YES_AGGRESSIVE;
				GCC_WARN_UNUSED_FUNCTION = YES;
				GCC_WARN_UNUSED_VARIABLE = YES;
				IPHONEOS_DEPLOYMENT_TARGET = 10.3;
				MTL_ENABLE_DEBUG_INFO = YES;
				ONLY_ACTIVE_ARCH = YES;
				SDKROOT = iphoneos;
				SWIFT_ACTIVE_COMPILATION_CONDITIONS = DEBUG;
				SWIFT_OPTIMIZATION_LEVEL = "-Onone";
				TARGETED_DEVICE_FAMILY = "1,2";
			};
			name = Debug;
		};
		2735DFEC1EBB338000F44A94 /* Release */ = {
			isa = XCBuildConfiguration;
			buildSettings = {
				ALWAYS_SEARCH_USER_PATHS = NO;
				CLANG_ANALYZER_NONNULL = YES;
				CLANG_ANALYZER_NUMBER_OBJECT_CONVERSION = YES_AGGRESSIVE;
				CLANG_CXX_LANGUAGE_STANDARD = "gnu++0x";
				CLANG_CXX_LIBRARY = "libc++";
				CLANG_ENABLE_MODULES = YES;
				CLANG_ENABLE_OBJC_ARC = YES;
				CLANG_WARN_BOOL_CONVERSION = YES;
				CLANG_WARN_CONSTANT_CONVERSION = YES;
				CLANG_WARN_DIRECT_OBJC_ISA_USAGE = YES_ERROR;
				CLANG_WARN_DOCUMENTATION_COMMENTS = YES;
				CLANG_WARN_EMPTY_BODY = YES;
				CLANG_WARN_ENUM_CONVERSION = YES;
				CLANG_WARN_INFINITE_RECURSION = YES;
				CLANG_WARN_INT_CONVERSION = YES;
				CLANG_WARN_OBJC_ROOT_CLASS = YES_ERROR;
				CLANG_WARN_SUSPICIOUS_MOVE = YES;
				CLANG_WARN_UNREACHABLE_CODE = YES;
				CLANG_WARN__DUPLICATE_METHOD_MATCH = YES;
				"CODE_SIGN_IDENTITY[sdk=iphoneos*]" = "iPhone Developer";
				COPY_PHASE_STRIP = NO;
				DEBUG_INFORMATION_FORMAT = "dwarf-with-dsym";
				ENABLE_NS_ASSERTIONS = NO;
				ENABLE_STRICT_OBJC_MSGSEND = YES;
				GCC_C_LANGUAGE_STANDARD = gnu99;
				GCC_NO_COMMON_BLOCKS = YES;
				GCC_WARN_64_TO_32_BIT_CONVERSION = YES;
				GCC_WARN_ABOUT_RETURN_TYPE = YES_ERROR;
				GCC_WARN_UNDECLARED_SELECTOR = YES;
				GCC_WARN_UNINITIALIZED_AUTOS = YES_AGGRESSIVE;
				GCC_WARN_UNUSED_FUNCTION = YES;
				GCC_WARN_UNUSED_VARIABLE = YES;
				IPHONEOS_DEPLOYMENT_TARGET = 10.3;
				MTL_ENABLE_DEBUG_INFO = NO;
				SDKROOT = iphoneos;
				SWIFT_OPTIMIZATION_LEVEL = "-Owholemodule";
				TARGETED_DEVICE_FAMILY = "1,2";
				VALIDATE_PRODUCT = YES;
			};
			name = Release;
		};
		2735DFEE1EBB338000F44A94 /* Debug */ = {
			isa = XCBuildConfiguration;
			buildSettings = {
				ASSETCATALOG_COMPILER_APPICON_NAME = AppIcon;
				INFOPLIST_FILE = DismissKeyboard/Info.plist;
				LD_RUNPATH_SEARCH_PATHS = "$(inherited) @executable_path/Frameworks";
				PRODUCT_BUNDLE_IDENTIFIER = com.huynhthien.DismissKeyboard;
				PRODUCT_NAME = "$(TARGET_NAME)";
				SWIFT_VERSION = 3.0;
			};
			name = Debug;
		};
		2735DFEF1EBB338000F44A94 /* Release */ = {
			isa = XCBuildConfiguration;
			buildSettings = {
				ASSETCATALOG_COMPILER_APPICON_NAME = AppIcon;
				INFOPLIST_FILE = DismissKeyboard/Info.plist;
				LD_RUNPATH_SEARCH_PATHS = "$(inherited) @executable_path/Frameworks";
				PRODUCT_BUNDLE_IDENTIFIER = com.huynhthien.DismissKeyboard;
				PRODUCT_NAME = "$(TARGET_NAME)";
				SWIFT_VERSION = 3.0;
			};
			name = Release;
		};
		2735DFF11EBB338000F44A94 /* Debug */ = {
			isa = XCBuildConfiguration;
			buildSettings = {
				ALWAYS_EMBED_SWIFT_STANDARD_LIBRARIES = YES;
				BUNDLE_LOADER = "$(TEST_HOST)";
				INFOPLIST_FILE = DismissKeyboardTests/Info.plist;
				LD_RUNPATH_SEARCH_PATHS = "$(inherited) @executable_path/Frameworks @loader_path/Frameworks";
				PRODUCT_BUNDLE_IDENTIFIER = com.huynhthien.DismissKeyboardTests;
				PRODUCT_NAME = "$(TARGET_NAME)";
				SWIFT_VERSION = 3.0;
				TEST_HOST = "$(BUILT_PRODUCTS_DIR)/DismissKeyboard.app/DismissKeyboard";
			};
			name = Debug;
		};
		2735DFF21EBB338000F44A94 /* Release */ = {
			isa = XCBuildConfiguration;
			buildSettings = {
				ALWAYS_EMBED_SWIFT_STANDARD_LIBRARIES = YES;
				BUNDLE_LOADER = "$(TEST_HOST)";
				INFOPLIST_FILE = DismissKeyboardTests/Info.plist;
				LD_RUNPATH_SEARCH_PATHS = "$(inherited) @executable_path/Frameworks @loader_path/Frameworks";
				PRODUCT_BUNDLE_IDENTIFIER = com.huynhthien.DismissKeyboardTests;
				PRODUCT_NAME = "$(TARGET_NAME)";
				SWIFT_VERSION = 3.0;
				TEST_HOST = "$(BUILT_PRODUCTS_DIR)/DismissKeyboard.app/DismissKeyboard";
			};
			name = Release;
		};
		2735DFF41EBB338000F44A94 /* Debug */ = {
			isa = XCBuildConfiguration;
			buildSettings = {
				ALWAYS_EMBED_SWIFT_STANDARD_LIBRARIES = YES;
				INFOPLIST_FILE = DismissKeyboardUITests/Info.plist;
				LD_RUNPATH_SEARCH_PATHS = "$(inherited) @executable_path/Frameworks @loader_path/Frameworks";
				PRODUCT_BUNDLE_IDENTIFIER = com.huynhthien.DismissKeyboardUITests;
				PRODUCT_NAME = "$(TARGET_NAME)";
				SWIFT_VERSION = 3.0;
				TEST_TARGET_NAME = DismissKeyboard;
			};
			name = Debug;
		};
		2735DFF51EBB338000F44A94 /* Release */ = {
			isa = XCBuildConfiguration;
			buildSettings = {
				ALWAYS_EMBED_SWIFT_STANDARD_LIBRARIES = YES;
				INFOPLIST_FILE = DismissKeyboardUITests/Info.plist;
				LD_RUNPATH_SEARCH_PATHS = "$(inherited) @executable_path/Frameworks @loader_path/Frameworks";
				PRODUCT_BUNDLE_IDENTIFIER = com.huynhthien.DismissKeyboardUITests;
				PRODUCT_NAME = "$(TARGET_NAME)";
				SWIFT_VERSION = 3.0;
				TEST_TARGET_NAME = DismissKeyboard;
			};
			name = Release;
		};
/* End XCBuildConfiguration section */

/* Begin XCConfigurationList section */
		2735DFC01EBB338000F44A94 /* Build configuration list for PBXProject "DismissKeyboard" */ = {
			isa = XCConfigurationList;
			buildConfigurations = (
				2735DFEB1EBB338000F44A94 /* Debug */,
				2735DFEC1EBB338000F44A94 /* Release */,
			);
			defaultConfigurationIsVisible = 0;
			defaultConfigurationName = Release;
		};
		2735DFED1EBB338000F44A94 /* Build configuration list for PBXNativeTarget "DismissKeyboard" */ = {
			isa = XCConfigurationList;
			buildConfigurations = (
				2735DFEE1EBB338000F44A94 /* Debug */,
				2735DFEF1EBB338000F44A94 /* Release */,
			);
			defaultConfigurationIsVisible = 0;
		};
		2735DFF01EBB338000F44A94 /* Build configuration list for PBXNativeTarget "DismissKeyboardTests" */ = {
			isa = XCConfigurationList;
			buildConfigurations = (
				2735DFF11EBB338000F44A94 /* Debug */,
				2735DFF21EBB338000F44A94 /* Release */,
			);
			defaultConfigurationIsVisible = 0;
		};
		2735DFF31EBB338000F44A94 /* Build configuration list for PBXNativeTarget "DismissKeyboardUITests" */ = {
			isa = XCConfigurationList;
			buildConfigurations = (
				2735DFF41EBB338000F44A94 /* Debug */,
				2735DFF51EBB338000F44A94 /* Release */,
			);
			defaultConfigurationIsVisible = 0;
		};
/* End XCConfigurationList section */
	};
	rootObject = 2735DFBD1EBB338000F44A94 /* Project object */;
}
